
Microsoft Visual Studio Solution File, Format Version 12.00
# Visual Studio Version 16
VisualStudioVersion = 16.0.30413.136
MinimumVisualStudioVersion = 10.0.40219.1
Project("{FAE04EC0-301F-11D3-BF4B-00C04F79EFBC}") = "LinkedLists", "LinkedLists\LinkedLists.csproj", "{49217BDA-457A-4B03-BF37-64E3FC24C119}"
EndProject
Global
	GlobalSection(SolutionConfigurationPlatforms) = preSolution
		Debug|Any CPU = Debug|Any CPU
		Release|Any CPU = Release|Any CPU
	EndGlobalSection
	GlobalSection(ProjectConfigurationPlatforms) = postSolution
		{49217BDA-457A-4B03-BF37-64E3FC24C119}.Debug|Any CPU.ActiveCfg = Debug|Any CPU
		{49217BDA-457A-4B03-BF37-64E3FC24C119}.Debug|Any CPU.Build.0 = Debug|Any CPU
		{49217BDA-457A-4B03-BF37-64E3FC24C119}.Release|Any CPU.ActiveCfg = Release|Any CPU
		{49217BDA-457A-4B03-BF37-64E3FC24C119}.Release|Any CPU.Build.0 = Release|Any CPU
	EndGlobalSection
	GlobalSection(SolutionProperties) = preSolution
		HideSolutionNode = FALSE
	EndGlobalSection
	GlobalSection(ExtensibilityGlobals) = postSolution
		SolutionGuid = {2F47F8F8-C8F6-4435-9094-1721B7587301}
	EndGlobalSection
EndGlobal
